
Microsoft Visual Studio Solution File, Format Version 12.00
# Visual Studio 15
VisualStudioVersion = 15.0.26730.10
MinimumVisualStudioVersion = 10.0.40219.1
Project("{9A19103F-16F7-4668-BE54-9A1E7A4F7556}") = "ATM_Management_CoreRestApi", "ATM_Management_CoreRestApi\ATM_Management_CoreRestApi.csproj", "{A0E7F52C-627C-4F3C-9DFD-1F1E3E040BA2}"
EndProject
Project("{FAE04EC0-301F-11D3-BF4B-00C04F79EFBC}") = "Identity_WebApi_Jwt", "Identity_WebApi_Jwt\Identity_WebApi_Jwt.csproj", "{B0D76EF4-C506-46FD-AF56-F4A724FBB9F6}"
EndProject
Global
	GlobalSection(SolutionConfigurationPlatforms) = preSolution
		Debug|Any CPU = Debug|Any CPU
		Release|Any CPU = Release|Any CPU
	EndGlobalSection
	GlobalSection(ProjectConfigurationPlatforms) = postSolution
		{A0E7F52C-627C-4F3C-9DFD-1F1E3E040BA2}.Debug|Any CPU.ActiveCfg = Debug|Any CPU
		{A0E7F52C-627C-4F3C-9DFD-1F1E3E040BA2}.Debug|Any CPU.Build.0 = Debug|Any CPU
		{A0E7F52C-627C-4F3C-9DFD-1F1E3E040BA2}.Release|Any CPU.ActiveCfg = Release|Any CPU
		{A0E7F52C-627C-4F3C-9DFD-1F1E3E040BA2}.Release|Any CPU.Build.0 = Release|Any CPU
		{B0D76EF4-C506-46FD-AF56-F4A724FBB9F6}.Debug|Any CPU.ActiveCfg = Debug|Any CPU
		{B0D76EF4-C506-46FD-AF56-F4A724FBB9F6}.Debug|Any CPU.Build.0 = Debug|Any CPU
		{B0D76EF4-C506-46FD-AF56-F4A724FBB9F6}.Release|Any CPU.ActiveCfg = Release|Any CPU
		{B0D76EF4-C506-46FD-AF56-F4A724FBB9F6}.Release|Any CPU.Build.0 = Release|Any CPU
	EndGlobalSection
	GlobalSection(SolutionProperties) = preSolution
		HideSolutionNode = FALSE
	EndGlobalSection
	GlobalSection(ExtensibilityGlobals) = postSolution
		SolutionGuid = {285C6931-D0CB-4094-8D51-F865EDB94A32}
	EndGlobalSection
EndGlobal
